
Microsoft Visual Studio Solution File, Format Version 12.00
# Visual Studio Version 17
VisualStudioVersion = 17.10.34928.147
MinimumVisualStudioVersion = 10.0.40219.1
Project("{9A19103F-16F7-4668-BE54-9A1E7A4F7556}") = "WorkingWebTables", "WorkingWebTables\WorkingWebTables.csproj", "{0DF8B3D0-E078-4494-83B1-A1F3519E10FE}"
EndProject
Project("{9A19103F-16F7-4668-BE54-9A1E7A4F7556}") = "Drop-downPractice", "Drop-downPractice\Drop-downPractice.csproj", "{0F1E3D3E-E472-428F-9A6F-2CDF28648336}"
EndProject
Project("{9A19103F-16F7-4668-BE54-9A1E7A4F7556}") = "HandlingInputForm", "HsndlingInputForm\HandlingInputForm.csproj", "{81F6FC56-7122-4CE7-8487-13EDC6CB76AB}"
EndProject
Project("{9A19103F-16F7-4668-BE54-9A1E7A4F7556}") = "DataDrivenTests", "DataDrivenTests\DataDrivenTests.csproj", "{B5DC3410-CA14-4D89-9D16-8D1C8D67823A}"
EndProject
Project("{9A19103F-16F7-4668-BE54-9A1E7A4F7556}") = "Selenium-Waits", "Selenium-Waits\Selenium-Waits.csproj", "{9CF9D076-5546-4A59-8A5A-199C6A1C4ECD}"
EndProject
Project("{9A19103F-16F7-4668-BE54-9A1E7A4F7556}") = "ImplicitWaitExcersise", "ImplicitWaitExcersise\ImplicitWaitExcersise.csproj", "{98EA6CA0-CE71-4842-AD3D-BC77611BE76B}"
EndProject
Project("{9A19103F-16F7-4668-BE54-9A1E7A4F7556}") = "ExplicitWaitExcersise", "ExplicitWaitExcersise\ExplicitWaitExcersise.csproj", "{10D44B74-98BA-4FFA-8CB6-481A79011DFD}"
EndProject
Project("{9A19103F-16F7-4668-BE54-9A1E7A4F7556}") = "WorkingWithBrowserWindows", "WorkingWithBrowserWindows\WorkingWithBrowserWindows.csproj", "{72930CC6-EC13-4BB4-9B48-3BD12C40D543}"
EndProject
Project("{9A19103F-16F7-4668-BE54-9A1E7A4F7556}") = "WorkingWithAlerts", "WorkingWithAlerts\WorkingWithAlerts.csproj", "{141CEDB0-E092-4991-B8BF-E2EA7178DE62}"
EndProject
Project("{9A19103F-16F7-4668-BE54-9A1E7A4F7556}") = "WorkingWithIFrames", "WorkingWithIFrames\WorkingWithIFrames.csproj", "{D3C220C8-0A46-4C3D-BF89-A5B5D3B93585}"
EndProject
Project("{9A19103F-16F7-4668-BE54-9A1E7A4F7556}") = "POMLab", "POMLab\POMLab.csproj", "{64AEA0F7-5225-4B14-9AC1-8F5FCDA6A375}"
EndProject
Project("{9A19103F-16F7-4668-BE54-9A1E7A4F7556}") = "StudentsRegistryPOM", "StudentsRegistryPOM\StudentsRegistryPOM.csproj", "{28F5115B-ED1E-4951-A038-AFEC58203BA7}"
EndProject
Project("{9A19103F-16F7-4668-BE54-9A1E7A4F7556}") = "POMExcersise", "POMExcersise\POMExcersise.csproj", "{CAF011BA-87EC-425B-9669-329117A262CA}"
EndProject
Global
	GlobalSection(SolutionConfigurationPlatforms) = preSolution
		Debug|Any CPU = Debug|Any CPU
		Release|Any CPU = Release|Any CPU
	EndGlobalSection
	GlobalSection(ProjectConfigurationPlatforms) = postSolution
		{0DF8B3D0-E078-4494-83B1-A1F3519E10FE}.Debug|Any CPU.ActiveCfg = Debug|Any CPU
		{0DF8B3D0-E078-4494-83B1-A1F3519E10FE}.Debug|Any CPU.Build.0 = Debug|Any CPU
		{0DF8B3D0-E078-4494-83B1-A1F3519E10FE}.Release|Any CPU.ActiveCfg = Release|Any CPU
		{0DF8B3D0-E078-4494-83B1-A1F3519E10FE}.Release|Any CPU.Build.0 = Release|Any CPU
		{0F1E3D3E-E472-428F-9A6F-2CDF28648336}.Debug|Any CPU.ActiveCfg = Debug|Any CPU
		{0F1E3D3E-E472-428F-9A6F-2CDF28648336}.Debug|Any CPU.Build.0 = Debug|Any CPU
		{0F1E3D3E-E472-428F-9A6F-2CDF28648336}.Release|Any CPU.ActiveCfg = Release|Any CPU
		{0F1E3D3E-E472-428F-9A6F-2CDF28648336}.Release|Any CPU.Build.0 = Release|Any CPU
		{81F6FC56-7122-4CE7-8487-13EDC6CB76AB}.Debug|Any CPU.ActiveCfg = Debug|Any CPU
		{81F6FC56-7122-4CE7-8487-13EDC6CB76AB}.Debug|Any CPU.Build.0 = Debug|Any CPU
		{81F6FC56-7122-4CE7-8487-13EDC6CB76AB}.Release|Any CPU.ActiveCfg = Release|Any CPU
		{81F6FC56-7122-4CE7-8487-13EDC6CB76AB}.Release|Any CPU.Build.0 = Release|Any CPU
		{B5DC3410-CA14-4D89-9D16-8D1C8D67823A}.Debug|Any CPU.ActiveCfg = Debug|Any CPU
		{B5DC3410-CA14-4D89-9D16-8D1C8D67823A}.Debug|Any CPU.Build.0 = Debug|Any CPU
		{B5DC3410-CA14-4D89-9D16-8D1C8D67823A}.Release|Any CPU.ActiveCfg = Release|Any CPU
		{B5DC3410-CA14-4D89-9D16-8D1C8D67823A}.Release|Any CPU.Build.0 = Release|Any CPU
		{9CF9D076-5546-4A59-8A5A-199C6A1C4ECD}.Debug|Any CPU.ActiveCfg = Debug|Any CPU
		{9CF9D076-5546-4A59-8A5A-199C6A1C4ECD}.Debug|Any CPU.Build.0 = Debug|Any CPU
		{9CF9D076-5546-4A59-8A5A-199C6A1C4ECD}.Release|Any CPU.ActiveCfg = Release|Any CPU
		{9CF9D076-5546-4A59-8A5A-199C6A1C4ECD}.Release|Any CPU.Build.0 = Release|Any CPU
		{98EA6CA0-CE71-4842-AD3D-BC77611BE76B}.Debug|Any CPU.ActiveCfg = Debug|Any CPU
		{98EA6CA0-CE71-4842-AD3D-BC77611BE76B}.Debug|Any CPU.Build.0 = Debug|Any CPU
		{98EA6CA0-CE71-4842-AD3D-BC77611BE76B}.Release|Any CPU.ActiveCfg = Release|Any CPU
		{98EA6CA0-CE71-4842-AD3D-BC77611BE76B}.Release|Any CPU.Build.0 = Release|Any CPU
		{10D44B74-98BA-4FFA-8CB6-481A79011DFD}.Debug|Any CPU.ActiveCfg = Debug|Any CPU
		{10D44B74-98BA-4FFA-8CB6-481A79011DFD}.Debug|Any CPU.Build.0 = Debug|Any CPU
		{10D44B74-98BA-4FFA-8CB6-481A79011DFD}.Release|Any CPU.ActiveCfg = Release|Any CPU
		{10D44B74-98BA-4FFA-8CB6-481A79011DFD}.Release|Any CPU.Build.0 = Release|Any CPU
		{72930CC6-EC13-4BB4-9B48-3BD12C40D543}.Debug|Any CPU.ActiveCfg = Debug|Any CPU
		{72930CC6-EC13-4BB4-9B48-3BD12C40D543}.Debug|Any CPU.Build.0 = Debug|Any CPU
		{72930CC6-EC13-4BB4-9B48-3BD12C40D543}.Release|Any CPU.ActiveCfg = Release|Any CPU
		{72930CC6-EC13-4BB4-9B48-3BD12C40D543}.Release|Any CPU.Build.0 = Release|Any CPU
		{141CEDB0-E092-4991-B8BF-E2EA7178DE62}.Debug|Any CPU.ActiveCfg = Debug|Any CPU
		{141CEDB0-E092-4991-B8BF-E2EA7178DE62}.Debug|Any CPU.Build.0 = Debug|Any CPU
		{141CEDB0-E092-4991-B8BF-E2EA7178DE62}.Release|Any CPU.ActiveCfg = Release|Any CPU
		{141CEDB0-E092-4991-B8BF-E2EA7178DE62}.Release|Any CPU.Build.0 = Release|Any CPU
		{D3C220C8-0A46-4C3D-BF89-A5B5D3B93585}.Debug|Any CPU.ActiveCfg = Debug|Any CPU
		{D3C220C8-0A46-4C3D-BF89-A5B5D3B93585}.Debug|Any CPU.Build.0 = Debug|Any CPU
		{D3C220C8-0A46-4C3D-BF89-A5B5D3B93585}.Release|Any CPU.ActiveCfg = Release|Any CPU
		{D3C220C8-0A46-4C3D-BF89-A5B5D3B93585}.Release|Any CPU.Build.0 = Release|Any CPU
		{64AEA0F7-5225-4B14-9AC1-8F5FCDA6A375}.Debug|Any CPU.ActiveCfg = Debug|Any CPU
		{64AEA0F7-5225-4B14-9AC1-8F5FCDA6A375}.Debug|Any CPU.Build.0 = Debug|Any CPU
		{64AEA0F7-5225-4B14-9AC1-8F5FCDA6A375}.Release|Any CPU.ActiveCfg = Release|Any CPU
		{64AEA0F7-5225-4B14-9AC1-8F5FCDA6A375}.Release|Any CPU.Build.0 = Release|Any CPU
		{28F5115B-ED1E-4951-A038-AFEC58203BA7}.Debug|Any CPU.ActiveCfg = Debug|Any CPU
		{28F5115B-ED1E-4951-A038-AFEC58203BA7}.Debug|Any CPU.Build.0 = Debug|Any CPU
		{28F5115B-ED1E-4951-A038-AFEC58203BA7}.Release|Any CPU.ActiveCfg = Release|Any CPU
		{28F5115B-ED1E-4951-A038-AFEC58203BA7}.Release|Any CPU.Build.0 = Release|Any CPU
		{CAF011BA-87EC-425B-9669-329117A262CA}.Debug|Any CPU.ActiveCfg = Debug|Any CPU
		{CAF011BA-87EC-425B-9669-329117A262CA}.Debug|Any CPU.Build.0 = Debug|Any CPU
		{CAF011BA-87EC-425B-9669-329117A262CA}.Release|Any CPU.ActiveCfg = Release|Any CPU
		{CAF011BA-87EC-425B-9669-329117A262CA}.Release|Any CPU.Build.0 = Release|Any CPU
	EndGlobalSection
	GlobalSection(SolutionProperties) = preSolution
		HideSolutionNode = FALSE
	EndGlobalSection
	GlobalSection(ExtensibilityGlobals) = postSolution
		SolutionGuid = {C59B0C6F-040F-47EA-ABB6-42B73122DCE8}
	EndGlobalSection
EndGlobal
